{
  "name": "test-directory",
  "version": "1.0.0",
  "lockfileVersion": 3,
  "requires": true,
  "packages": {
    "": {
      "name": "test-directory",
      "version": "1.0.0",
      "license": "ISC",
      "dependencies": {
        "cloud-regions-country-flags": "^0.0.1"
      }
    },
    "node_modules/cloud-regions-country-flags": {
      "version": "0.0.1",
      "resolved": "https://registry.npmjs.org/cloud-regions-country-flags/-/cloud-regions-country-flags-0.0.1.tgz",
      "integrity": "sha512-CwIabmMzeq/gfuHp50nlLgZpKIko5Of0QReOpaf/I2leuBZ9ZOybmkAT6FVg1kq1py+QI5IXaTUkTvdXG5085Q=="
    }
  }
}
